
Microsoft Visual Studio Solution File, Format Version 12.00
# Visual Studio Version 16
VisualStudioVersion = 16.0.28803.156
MinimumVisualStudioVersion = 10.0.40219.1
Project("{FAE04EC0-301F-11D3-BF4B-00C04F79EFBC}") = "ApiProduct", "ApiProduct\ApiProduct.csproj", "{932AFD40-9FED-463C-802C-4B5A5C4FFB00}"
EndProject
Project("{FAE04EC0-301F-11D3-BF4B-00C04F79EFBC}") = "ApiProductTest", "ApiProductTest\ApiProductTest.csproj", "{A3565AEF-2ABC-46B1-A331-EAD8DE6852FB}"
EndProject
Project("{FAE04EC0-301F-11D3-BF4B-00C04F79EFBC}") = "Business", "Business\Business.csproj", "{6258A339-CB49-4A00-BC5B-8A17BDC84357}"
EndProject
Global
	GlobalSection(SolutionConfigurationPlatforms) = preSolution
		Debug|Any CPU = Debug|Any CPU
		Release|Any CPU = Release|Any CPU
	EndGlobalSection
	GlobalSection(ProjectConfigurationPlatforms) = postSolution
		{932AFD40-9FED-463C-802C-4B5A5C4FFB00}.Debug|Any CPU.ActiveCfg = Debug|Any CPU
		{932AFD40-9FED-463C-802C-4B5A5C4FFB00}.Debug|Any CPU.Build.0 = Debug|Any CPU
		{932AFD40-9FED-463C-802C-4B5A5C4FFB00}.Release|Any CPU.ActiveCfg = Release|Any CPU
		{932AFD40-9FED-463C-802C-4B5A5C4FFB00}.Release|Any CPU.Build.0 = Release|Any CPU
		{A3565AEF-2ABC-46B1-A331-EAD8DE6852FB}.Debug|Any CPU.ActiveCfg = Debug|Any CPU
		{A3565AEF-2ABC-46B1-A331-EAD8DE6852FB}.Debug|Any CPU.Build.0 = Debug|Any CPU
		{A3565AEF-2ABC-46B1-A331-EAD8DE6852FB}.Release|Any CPU.ActiveCfg = Release|Any CPU
		{A3565AEF-2ABC-46B1-A331-EAD8DE6852FB}.Release|Any CPU.Build.0 = Release|Any CPU
		{6258A339-CB49-4A00-BC5B-8A17BDC84357}.Debug|Any CPU.ActiveCfg = Debug|Any CPU
		{6258A339-CB49-4A00-BC5B-8A17BDC84357}.Debug|Any CPU.Build.0 = Debug|Any CPU
		{6258A339-CB49-4A00-BC5B-8A17BDC84357}.Release|Any CPU.ActiveCfg = Release|Any CPU
		{6258A339-CB49-4A00-BC5B-8A17BDC84357}.Release|Any CPU.Build.0 = Release|Any CPU
	EndGlobalSection
	GlobalSection(SolutionProperties) = preSolution
		HideSolutionNode = FALSE
	EndGlobalSection
	GlobalSection(ExtensibilityGlobals) = postSolution
		SolutionGuid = {B2761065-3035-4245-917D-8FFB14094F09}
	EndGlobalSection
EndGlobal
